
Microsoft Visual Studio Solution File, Format Version 12.00
# Visual Studio Version 17
VisualStudioVersion = 17.14.36414.22
MinimumVisualStudioVersion = 10.0.40219.1
Project("{FAE04EC0-301F-11D3-BF4B-00C04F79EFBC}") = "SistemaBiblioteca", "SistemaBiblioteca.csproj", "{2EB90A60-3231-4530-B708-CEA825DDEC70}"
EndProject
Global
	GlobalSection(SolutionConfigurationPlatforms) = preSolution
		Debug|Any CPU = Debug|Any CPU
		Release|Any CPU = Release|Any CPU
	EndGlobalSection
	GlobalSection(ProjectConfigurationPlatforms) = postSolution
		{2EB90A60-3231-4530-B708-CEA825DDEC70}.Debug|Any CPU.ActiveCfg = Debug|Any CPU
		{2EB90A60-3231-4530-B708-CEA825DDEC70}.Debug|Any CPU.Build.0 = Debug|Any CPU
		{2EB90A60-3231-4530-B708-CEA825DDEC70}.Release|Any CPU.ActiveCfg = Release|Any CPU
		{2EB90A60-3231-4530-B708-CEA825DDEC70}.Release|Any CPU.Build.0 = Release|Any CPU
	EndGlobalSection
	GlobalSection(SolutionProperties) = preSolution
		HideSolutionNode = FALSE
	EndGlobalSection
	GlobalSection(ExtensibilityGlobals) = postSolution
		SolutionGuid = {C7B14F02-BECF-40C3-A08B-02DE016C61B6}
	EndGlobalSection
EndGlobal
